
Microsoft Visual Studio Solution File, Format Version 12.00
# Visual Studio Version 16
VisualStudioVersion = 16.0.32602.291
MinimumVisualStudioVersion = 10.0.40219.1
Project("{FAE04EC0-301F-11D3-BF4B-00C04F79EFBC}") = "ST10090100_PROG6221_part1", "ST10090100_PROG6221_part1.csproj", "{EF19A98E-9538-47ED-9795-C383C9367A8F}"
EndProject
Global
	GlobalSection(SolutionConfigurationPlatforms) = preSolution
		Debug|Any CPU = Debug|Any CPU
		Release|Any CPU = Release|Any CPU
	EndGlobalSection
	GlobalSection(ProjectConfigurationPlatforms) = postSolution
		{EF19A98E-9538-47ED-9795-C383C9367A8F}.Debug|Any CPU.ActiveCfg = Debug|Any CPU
		{EF19A98E-9538-47ED-9795-C383C9367A8F}.Debug|Any CPU.Build.0 = Debug|Any CPU
		{EF19A98E-9538-47ED-9795-C383C9367A8F}.Release|Any CPU.ActiveCfg = Release|Any CPU
		{EF19A98E-9538-47ED-9795-C383C9367A8F}.Release|Any CPU.Build.0 = Release|Any CPU
	EndGlobalSection
	GlobalSection(SolutionProperties) = preSolution
		HideSolutionNode = FALSE
	EndGlobalSection
	GlobalSection(ExtensibilityGlobals) = postSolution
		SolutionGuid = {7E711CE8-0B7F-4D09-832F-FDD9A6925516}
	EndGlobalSection
EndGlobal
